
Microsoft Visual Studio Solution File, Format Version 12.00
# Visual Studio 15
Project("{FAE04EC0-301F-11D3-BF4B-00C04F79EFBC}") = "UniHumanoid", "UniHumanoid.csproj", "{2AEDC088-D793-DB77-DF05-03742CCF5072}"
EndProject
Project("{FAE04EC0-301F-11D3-BF4B-00C04F79EFBC}") = "SpringBoneJobs", "SpringBoneJobs.csproj", "{5B5CC2C4-855F-8E8B-4AE5-FF20FB11DC7B}"
EndProject
Project("{FAE04EC0-301F-11D3-BF4B-00C04F79EFBC}") = "UniGLTF.Editor", "UniGLTF.Editor.csproj", "{A4FB3EFC-24DB-A2C5-2C5B-5BD58C4EF59B}"
EndProject
Project("{FAE04EC0-301F-11D3-BF4B-00C04F79EFBC}") = "UniGLTF", "UniGLTF.csproj", "{9E5ECFA5-4D18-B0D0-80B5-5584E8A02C23}"
EndProject
Project("{FAE04EC0-301F-11D3-BF4B-00C04F79EFBC}") = "VRM", "VRM.csproj", "{F813F76D-8043-113A-DB54-6049C898E54C}"
EndProject
Project("{FAE04EC0-301F-11D3-BF4B-00C04F79EFBC}") = "UniGLTF.Tests", "UniGLTF.Tests.csproj", "{F54EBBE6-62F1-A91C-7473-3FD529E3B4DC}"
EndProject
Project("{FAE04EC0-301F-11D3-BF4B-00C04F79EFBC}") = "MToon", "MToon.csproj", "{880D8875-EF28-1E63-80E9-A90B87E62B05}"
EndProject
Project("{FAE04EC0-301F-11D3-BF4B-00C04F79EFBC}") = "UniVRM.Editor", "UniVRM.Editor.csproj", "{FD222F5C-EF63-764B-B525-A67738E76FD8}"
EndProject
Project("{FAE04EC0-301F-11D3-BF4B-00C04F79EFBC}") = "Assembly-CSharp", "Assembly-CSharp.csproj", "{DA7C2FBD-6B79-F293-9058-347DAB85FDF8}"
EndProject
Project("{FAE04EC0-301F-11D3-BF4B-00C04F79EFBC}") = "VRM.Tests", "VRM.Tests.csproj", "{324374B7-D6E7-2F04-9518-95AA5B5469FA}"
EndProject
Project("{FAE04EC0-301F-11D3-BF4B-00C04F79EFBC}") = "MToon.Editor", "MToon.Editor.csproj", "{1F85D3B8-19B3-909C-925A-74B2DE0E153E}"
EndProject
Project("{FAE04EC0-301F-11D3-BF4B-00C04F79EFBC}") = "UniHumanoid.Editor", "UniHumanoid.Editor.csproj", "{B3F30F58-C9E3-C86D-0540-960656437C58}"
EndProject
Project("{FAE04EC0-301F-11D3-BF4B-00C04F79EFBC}") = "VRM.Samples.Editor.Tests", "VRM.Samples.Editor.Tests.csproj", "{185E0520-1435-03B4-C3E4-F0AE1E71A1C4}"
EndProject
Project("{FAE04EC0-301F-11D3-BF4B-00C04F79EFBC}") = "UniGLTF.UniUnlit", "UniGLTF.UniUnlit.csproj", "{0E28A6CE-9624-C0C0-A2C1-BB19C99AC8F5}"
EndProject
Project("{FAE04EC0-301F-11D3-BF4B-00C04F79EFBC}") = "UniHumanoid.Editor.Tests", "UniHumanoid.Editor.Tests.csproj", "{74551D2A-313C-3CD3-FD7E-282E4F0A2865}"
EndProject
Project("{FAE04EC0-301F-11D3-BF4B-00C04F79EFBC}") = "UniGLTF.UniUnlit.Editor", "UniGLTF.UniUnlit.Editor.csproj", "{4C3E21A2-5DC1-CB01-2723-944DB114CAFD}"
EndProject
Project("{FAE04EC0-301F-11D3-BF4B-00C04F79EFBC}") = "UniGLTF.Utils", "UniGLTF.Utils.csproj", "{A9F72486-0034-BE08-5A6F-1152F7726873}"
EndProject
Global
	GlobalSection(SolutionConfigurationPlatforms) = preSolution
		Debug|Any CPU = Debug|Any CPU
		Release|Any CPU = Release|Any CPU
	EndGlobalSection
	GlobalSection(ProjectConfigurationPlatforms) = postSolution
		{2AEDC088-D793-DB77-DF05-03742CCF5072}.Debug|Any CPU.ActiveCfg = Debug|Any CPU
		{2AEDC088-D793-DB77-DF05-03742CCF5072}.Debug|Any CPU.Build.0 = Debug|Any CPU
		{2AEDC088-D793-DB77-DF05-03742CCF5072}.Release|Any CPU.ActiveCfg = Release|Any CPU
		{2AEDC088-D793-DB77-DF05-03742CCF5072}.Release|Any CPU.Build.0 = Release|Any CPU
		{5B5CC2C4-855F-8E8B-4AE5-FF20FB11DC7B}.Debug|Any CPU.ActiveCfg = Debug|Any CPU
		{5B5CC2C4-855F-8E8B-4AE5-FF20FB11DC7B}.Debug|Any CPU.Build.0 = Debug|Any CPU
		{5B5CC2C4-855F-8E8B-4AE5-FF20FB11DC7B}.Release|Any CPU.ActiveCfg = Release|Any CPU
		{5B5CC2C4-855F-8E8B-4AE5-FF20FB11DC7B}.Release|Any CPU.Build.0 = Release|Any CPU
		{A4FB3EFC-24DB-A2C5-2C5B-5BD58C4EF59B}.Debug|Any CPU.ActiveCfg = Debug|Any CPU
		{A4FB3EFC-24DB-A2C5-2C5B-5BD58C4EF59B}.Debug|Any CPU.Build.0 = Debug|Any CPU
		{A4FB3EFC-24DB-A2C5-2C5B-5BD58C4EF59B}.Release|Any CPU.ActiveCfg = Release|Any CPU
		{A4FB3EFC-24DB-A2C5-2C5B-5BD58C4EF59B}.Release|Any CPU.Build.0 = Release|Any CPU
		{9E5ECFA5-4D18-B0D0-80B5-5584E8A02C23}.Debug|Any CPU.ActiveCfg = Debug|Any CPU
		{9E5ECFA5-4D18-B0D0-80B5-5584E8A02C23}.Debug|Any CPU.Build.0 = Debug|Any CPU
		{9E5ECFA5-4D18-B0D0-80B5-5584E8A02C23}.Release|Any CPU.ActiveCfg = Release|Any CPU
		{9E5ECFA5-4D18-B0D0-80B5-5584E8A02C23}.Release|Any CPU.Build.0 = Release|Any CPU
		{F813F76D-8043-113A-DB54-6049C898E54C}.Debug|Any CPU.ActiveCfg = Debug|Any CPU
		{F813F76D-8043-113A-DB54-6049C898E54C}.Debug|Any CPU.Build.0 = Debug|Any CPU
		{F813F76D-8043-113A-DB54-6049C898E54C}.Release|Any CPU.ActiveCfg = Release|Any CPU
		{F813F76D-8043-113A-DB54-6049C898E54C}.Release|Any CPU.Build.0 = Release|Any CPU
		{F54EBBE6-62F1-A91C-7473-3FD529E3B4DC}.Debug|Any CPU.ActiveCfg = Debug|Any CPU
		{F54EBBE6-62F1-A91C-7473-3FD529E3B4DC}.Debug|Any CPU.Build.0 = Debug|Any CPU
		{F54EBBE6-62F1-A91C-7473-3FD529E3B4DC}.Release|Any CPU.ActiveCfg = Release|Any CPU
		{F54EBBE6-62F1-A91C-7473-3FD529E3B4DC}.Release|Any CPU.Build.0 = Release|Any CPU
		{880D8875-EF28-1E63-80E9-A90B87E62B05}.Debug|Any CPU.ActiveCfg = Debug|Any CPU
		{880D8875-EF28-1E63-80E9-A90B87E62B05}.Debug|Any CPU.Build.0 = Debug|Any CPU
		{880D8875-EF28-1E63-80E9-A90B87E62B05}.Release|Any CPU.ActiveCfg = Release|Any CPU
		{880D8875-EF28-1E63-80E9-A90B87E62B05}.Release|Any CPU.Build.0 = Release|Any CPU
		{FD222F5C-EF63-764B-B525-A67738E76FD8}.Debug|Any CPU.ActiveCfg = Debug|Any CPU
		{FD222F5C-EF63-764B-B525-A67738E76FD8}.Debug|Any CPU.Build.0 = Debug|Any CPU
		{FD222F5C-EF63-764B-B525-A67738E76FD8}.Release|Any CPU.ActiveCfg = Release|Any CPU
		{FD222F5C-EF63-764B-B525-A67738E76FD8}.Release|Any CPU.Build.0 = Release|Any CPU
		{DA7C2FBD-6B79-F293-9058-347DAB85FDF8}.Debug|Any CPU.ActiveCfg = Debug|Any CPU
		{DA7C2FBD-6B79-F293-9058-347DAB85FDF8}.Debug|Any CPU.Build.0 = Debug|Any CPU
		{DA7C2FBD-6B79-F293-9058-347DAB85FDF8}.Release|Any CPU.ActiveCfg = Release|Any CPU
		{DA7C2FBD-6B79-F293-9058-347DAB85FDF8}.Release|Any CPU.Build.0 = Release|Any CPU
		{324374B7-D6E7-2F04-9518-95AA5B5469FA}.Debug|Any CPU.ActiveCfg = Debug|Any CPU
		{324374B7-D6E7-2F04-9518-95AA5B5469FA}.Debug|Any CPU.Build.0 = Debug|Any CPU
		{324374B7-D6E7-2F04-9518-95AA5B5469FA}.Release|Any CPU.ActiveCfg = Release|Any CPU
		{324374B7-D6E7-2F04-9518-95AA5B5469FA}.Release|Any CPU.Build.0 = Release|Any CPU
		{1F85D3B8-19B3-909C-925A-74B2DE0E153E}.Debug|Any CPU.ActiveCfg = Debug|Any CPU
		{1F85D3B8-19B3-909C-925A-74B2DE0E153E}.Debug|Any CPU.Build.0 = Debug|Any CPU
		{1F85D3B8-19B3-909C-925A-74B2DE0E153E}.Release|Any CPU.ActiveCfg = Release|Any CPU
		{1F85D3B8-19B3-909C-925A-74B2DE0E153E}.Release|Any CPU.Build.0 = Release|Any CPU
		{B3F30F58-C9E3-C86D-0540-960656437C58}.Debug|Any CPU.ActiveCfg = Debug|Any CPU
		{B3F30F58-C9E3-C86D-0540-960656437C58}.Debug|Any CPU.Build.0 = Debug|Any CPU
		{B3F30F58-C9E3-C86D-0540-960656437C58}.Release|Any CPU.ActiveCfg = Release|Any CPU
		{B3F30F58-C9E3-C86D-0540-960656437C58}.Release|Any CPU.Build.0 = Release|Any CPU
		{185E0520-1435-03B4-C3E4-F0AE1E71A1C4}.Debug|Any CPU.ActiveCfg = Debug|Any CPU
		{185E0520-1435-03B4-C3E4-F0AE1E71A1C4}.Debug|Any CPU.Build.0 = Debug|Any CPU
		{185E0520-1435-03B4-C3E4-F0AE1E71A1C4}.Release|Any CPU.ActiveCfg = Release|Any CPU
		{185E0520-1435-03B4-C3E4-F0AE1E71A1C4}.Release|Any CPU.Build.0 = Release|Any CPU
		{0E28A6CE-9624-C0C0-A2C1-BB19C99AC8F5}.Debug|Any CPU.ActiveCfg = Debug|Any CPU
		{0E28A6CE-9624-C0C0-A2C1-BB19C99AC8F5}.Debug|Any CPU.Build.0 = Debug|Any CPU
		{0E28A6CE-9624-C0C0-A2C1-BB19C99AC8F5}.Release|Any CPU.ActiveCfg = Release|Any CPU
		{0E28A6CE-9624-C0C0-A2C1-BB19C99AC8F5}.Release|Any CPU.Build.0 = Release|Any CPU
		{74551D2A-313C-3CD3-FD7E-282E4F0A2865}.Debug|Any CPU.ActiveCfg = Debug|Any CPU
		{74551D2A-313C-3CD3-FD7E-282E4F0A2865}.Debug|Any CPU.Build.0 = Debug|Any CPU
		{74551D2A-313C-3CD3-FD7E-282E4F0A2865}.Release|Any CPU.ActiveCfg = Release|Any CPU
		{74551D2A-313C-3CD3-FD7E-282E4F0A2865}.Release|Any CPU.Build.0 = Release|Any CPU
		{4C3E21A2-5DC1-CB01-2723-944DB114CAFD}.Debug|Any CPU.ActiveCfg = Debug|Any CPU
		{4C3E21A2-5DC1-CB01-2723-944DB114CAFD}.Debug|Any CPU.Build.0 = Debug|Any CPU
		{4C3E21A2-5DC1-CB01-2723-944DB114CAFD}.Release|Any CPU.ActiveCfg = Release|Any CPU
		{4C3E21A2-5DC1-CB01-2723-944DB114CAFD}.Release|Any CPU.Build.0 = Release|Any CPU
		{A9F72486-0034-BE08-5A6F-1152F7726873}.Debug|Any CPU.ActiveCfg = Debug|Any CPU
		{A9F72486-0034-BE08-5A6F-1152F7726873}.Debug|Any CPU.Build.0 = Debug|Any CPU
		{A9F72486-0034-BE08-5A6F-1152F7726873}.Release|Any CPU.ActiveCfg = Release|Any CPU
		{A9F72486-0034-BE08-5A6F-1152F7726873}.Release|Any CPU.Build.0 = Release|Any CPU
	EndGlobalSection
	GlobalSection(SolutionProperties) = preSolution
		HideSolutionNode = FALSE
	EndGlobalSection
EndGlobal
